// !$*UTF8*$!
{
	archiveVersion = 1;
	classes = {
	};
	objectVersion = 51;
	objects = {

/* Begin PBXBuildFile section */
		3CEEC8EAE45A44A297747E22 /* Pods_AutoLogout_Example.framework in Frameworks */ = {isa = PBXBuildFile; fileRef = 32D8840990F2A5374271641F /* Pods_AutoLogout_Example.framework */; };
		8436221E26D7C3F7008BF45D /* AppDelegate.swift in Sources */ = {isa = PBXBuildFile; fileRef = 8436221D26D7C3F7008BF45D /* AppDelegate.swift */; };
		8436222226D7C3F7008BF45D /* ViewController.swift in Sources */ = {isa = PBXBuildFile; fileRef = 8436222126D7C3F7008BF45D /* ViewController.swift */; };
		8436222526D7C3F7008BF45D /* Main.storyboard in Resources */ = {isa = PBXBuildFile; fileRef = 8436222326D7C3F7008BF45D /* Main.storyboard */; };
		8436222726D7C3F8008BF45D /* Assets.xcassets in Resources */ = {isa = PBXBuildFile; fileRef = 8436222626D7C3F8008BF45D /* Assets.xcassets */; };
		8436222A26D7C3F8008BF45D /* LaunchScreen.storyboard in Resources */ = {isa = PBXBuildFile; fileRef = 8436222826D7C3F8008BF45D /* LaunchScreen.storyboard */; };
		84BF03EB26D8C45300F2D268 /* AppCoordinater.swift in Sources */ = {isa = PBXBuildFile; fileRef = 84BF03EA26D8C45300F2D268 /* AppCoordinater.swift */; };
		84BF03ED26D8C4A500F2D268 /* Window.swift in Sources */ = {isa = PBXBuildFile; fileRef = 84BF03EC26D8C4A500F2D268 /* Window.swift */; };
		84BF03EF26D8C4E200F2D268 /* RootViewController.swift in Sources */ = {isa = PBXBuildFile; fileRef = 84BF03EE26D8C4E200F2D268 /* RootViewController.swift */; };
/* End PBXBuildFile section */

/* Begin PBXFileReference section */
		1805B53B2A7F993655FCD88D /* Pods-AutoLogout-Example.debug.xcconfig */ = {isa = PBXFileReference; includeInIndex = 1; lastKnownFileType = text.xcconfig; name = "Pods-AutoLogout-Example.debug.xcconfig"; path = "Target Support Files/Pods-AutoLogout-Example/Pods-AutoLogout-Example.debug.xcconfig"; sourceTree = "<group>"; };
		25B417B1A50485B6D5001AA8 /* Pods-AutoLogout-Example.release.xcconfig */ = {isa = PBXFileReference; includeInIndex = 1; lastKnownFileType = text.xcconfig; name = "Pods-AutoLogout-Example.release.xcconfig"; path = "Target Support Files/Pods-AutoLogout-Example/Pods-AutoLogout-Example.release.xcconfig"; sourceTree = "<group>"; };
		32D8840990F2A5374271641F /* Pods_AutoLogout_Example.framework */ = {isa = PBXFileReference; explicitFileType = wrapper.framework; includeInIndex = 0; path = Pods_AutoLogout_Example.framework; sourceTree = BUILT_PRODUCTS_DIR; };
		8436221A26D7C3F7008BF45D /* AutoLogout-Example.app */ = {isa = PBXFileReference; explicitFileType = wrapper.application; includeInIndex = 0; path = "AutoLogout-Example.app"; sourceTree = BUILT_PRODUCTS_DIR; };
		8436221D26D7C3F7008BF45D /* AppDelegate.swift */ = {isa = PBXFileReference; lastKnownFileType = sourcecode.swift; path = AppDelegate.swift; sourceTree = "<group>"; };
		8436222126D7C3F7008BF45D /* ViewController.swift */ = {isa = PBXFileReference; lastKnownFileType = sourcecode.swift; path = ViewController.swift; sourceTree = "<group>"; };
		8436222426D7C3F7008BF45D /* Base */ = {isa = PBXFileReference; lastKnownFileType = file.storyboard; name = Base; path = Base.lproj/Main.storyboard; sourceTree = "<group>"; };
		8436222626D7C3F8008BF45D /* Assets.xcassets */ = {isa = PBXFileReference; lastKnownFileType = folder.assetcatalog; path = Assets.xcassets; sourceTree = "<group>"; };
		8436222926D7C3F8008BF45D /* Base */ = {isa = PBXFileReference; lastKnownFileType = file.storyboard; name = Base; path = Base.lproj/LaunchScreen.storyboard; sourceTree = "<group>"; };
		8436222B26D7C3F8008BF45D /* Info.plist */ = {isa = PBXFileReference; lastKnownFileType = text.plist.xml; path = Info.plist; sourceTree = "<group>"; };
		84BF03EA26D8C45300F2D268 /* AppCoordinater.swift */ = {isa = PBXFileReference; lastKnownFileType = sourcecode.swift; path = AppCoordinater.swift; sourceTree = "<group>"; };
		84BF03EC26D8C4A500F2D268 /* Window.swift */ = {isa = PBXFileReference; lastKnownFileType = sourcecode.swift; path = Window.swift; sourceTree = "<group>"; };
		84BF03EE26D8C4E200F2D268 /* RootViewController.swift */ = {isa = PBXFileReference; lastKnownFileType = sourcecode.swift; path = RootViewController.swift; sourceTree = "<group>"; };
/* End PBXFileReference section */

/* Begin PBXFrameworksBuildPhase section */
		8436221726D7C3F7008BF45D /* Frameworks */ = {
			isa = PBXFrameworksBuildPhase;
			buildActionMask = 2147483647;
			files = (
				3CEEC8EAE45A44A297747E22 /* Pods_AutoLogout_Example.framework in Frameworks */,
			);
			runOnlyForDeploymentPostprocessing = 0;
		};
/* End PBXFrameworksBuildPhase section */

/* Begin PBXGroup section */
		8436221126D7C3F7008BF45D = {
			isa = PBXGroup;
			children = (
				8436221C26D7C3F7008BF45D /* AutoLogout-Example */,
				8436221B26D7C3F7008BF45D /* Products */,
				CA47F3C6D963B40028A36D65 /* Pods */,
				E128DE93F6C29417E190873E /* Frameworks */,
			);
			sourceTree = "<group>";
		};
		8436221B26D7C3F7008BF45D /* Products */ = {
			isa = PBXGroup;
			children = (
				8436221A26D7C3F7008BF45D /* AutoLogout-Example.app */,
			);
			name = Products;
			sourceTree = "<group>";
		};
		8436221C26D7C3F7008BF45D /* AutoLogout-Example */ = {
			isa = PBXGroup;
			children = (
				8436221D26D7C3F7008BF45D /* AppDelegate.swift */,
				84BF03EC26D8C4A500F2D268 /* Window.swift */,
				84BF03EE26D8C4E200F2D268 /* RootViewController.swift */,
				84BF03EA26D8C45300F2D268 /* AppCoordinater.swift */,
				8436222126D7C3F7008BF45D /* ViewController.swift */,
				8436222326D7C3F7008BF45D /* Main.storyboard */,
				8436222626D7C3F8008BF45D /* Assets.xcassets */,
				8436222826D7C3F8008BF45D /* LaunchScreen.storyboard */,
				8436222B26D7C3F8008BF45D /* Info.plist */,
			);
			path = "AutoLogout-Example";
			sourceTree = "<group>";
		};
		CA47F3C6D963B40028A36D65 /* Pods */ = {
			isa = PBXGroup;
			children = (
				1805B53B2A7F993655FCD88D /* Pods-AutoLogout-Example.debug.xcconfig */,
				25B417B1A50485B6D5001AA8 /* Pods-AutoLogout-Example.release.xcconfig */,
			);
			path = Pods;
			sourceTree = "<group>";
		};
		E128DE93F6C29417E190873E /* Frameworks */ = {
			isa = PBXGroup;
			children = (
				32D8840990F2A5374271641F /* Pods_AutoLogout_Example.framework */,
			);
			name = Frameworks;
			sourceTree = "<group>";
		};
/* End PBXGroup section */

/* Begin PBXNativeTarget section */
		8436221926D7C3F7008BF45D /* AutoLogout-Example */ = {
			isa = PBXNativeTarget;
			buildConfigurationList = 8436222E26D7C3F8008BF45D /* Build configuration list for PBXNativeTarget "AutoLogout-Example" */;
			buildPhases = (
				FB7D66AD57563950E58A0537 /* [CP] Check Pods Manifest.lock */,
				8436221626D7C3F7008BF45D /* Sources */,
				8436221726D7C3F7008BF45D /* Frameworks */,
				8436221826D7C3F7008BF45D /* Resources */,
				05C2F21711DE851E042E1450 /* [CP] Embed Pods Frameworks */,
			);
			buildRules = (
			);
			dependencies = (
			);
			name = "AutoLogout-Example";
			productName = "AutoLogout-Example";
			productReference = 8436221A26D7C3F7008BF45D /* AutoLogout-Example.app */;
			productType = "com.apple.product-type.application";
		};
/* End PBXNativeTarget section */

/* Begin PBXProject section */
		8436221226D7C3F7008BF45D /* Project object */ = {
			isa = PBXProject;
			attributes = {
				LastSwiftUpdateCheck = 1250;
				LastUpgradeCheck = 1250;
				TargetAttributes = {
					8436221926D7C3F7008BF45D = {
						CreatedOnToolsVersion = 12.5;
					};
				};
			};
			buildConfigurationList = 8436221526D7C3F7008BF45D /* Build configuration list for PBXProject "AutoLogout-Example" */;
			compatibilityVersion = "Xcode 9.3";
			developmentRegion = en;
			hasScannedForEncodings = 0;
			knownRegions = (
				en,
				Base,
			);
			mainGroup = 8436221126D7C3F7008BF45D;
			productRefGroup = 8436221B26D7C3F7008BF45D /* Products */;
			projectDirPath = "";
			projectRoot = "";
			targets = (
				8436221926D7C3F7008BF45D /* AutoLogout-Example */,
			);
		};
/* End PBXProject section */

/* Begin PBXResourcesBuildPhase section */
		8436221826D7C3F7008BF45D /* Resources */ = {
			isa = PBXResourcesBuildPhase;
			buildActionMask = 2147483647;
			files = (
				8436222A26D7C3F8008BF45D /* LaunchScreen.storyboard in Resources */,
				8436222726D7C3F8008BF45D /* Assets.xcassets in Resources */,
				8436222526D7C3F7008BF45D /* Main.storyboard in Resources */,
			);
			runOnlyForDeploymentPostprocessing = 0;
		};
/* End PBXResourcesBuildPhase section */

/* Begin PBXShellScriptBuildPhase section */
		05C2F21711DE851E042E1450 /* [CP] Embed Pods Frameworks */ = {
			isa = PBXShellScriptBuildPhase;
			buildActionMask = 2147483647;
			files = (
			);
			inputFileListPaths = (
				"${PODS_ROOT}/Target Support Files/Pods-AutoLogout-Example/Pods-AutoLogout-Example-frameworks-${CONFIGURATION}-input-files.xcfilelist",
			);
			name = "[CP] Embed Pods Frameworks";
			outputFileListPaths = (
				"${PODS_ROOT}/Target Support Files/Pods-AutoLogout-Example/Pods-AutoLogout-Example-frameworks-${CONFIGURATION}-output-files.xcfilelist",
			);
			runOnlyForDeploymentPostprocessing = 0;
			shellPath = /bin/sh;
			shellScript = "\"${PODS_ROOT}/Target Support Files/Pods-AutoLogout-Example/Pods-AutoLogout-Example-frameworks.sh\"\n";
			showEnvVarsInLog = 0;
		};
		FB7D66AD57563950E58A0537 /* [CP] Check Pods Manifest.lock */ = {
			isa = PBXShellScriptBuildPhase;
			buildActionMask = 2147483647;
			files = (
			);
			inputFileListPaths = (
			);
			inputPaths = (
				"${PODS_PODFILE_DIR_PATH}/Podfile.lock",
				"${PODS_ROOT}/Manifest.lock",
			);
			name = "[CP] Check Pods Manifest.lock";
			outputFileListPaths = (
			);
			outputPaths = (
				"$(DERIVED_FILE_DIR)/Pods-AutoLogout-Example-checkManifestLockResult.txt",
			);
			runOnlyForDeploymentPostprocessing = 0;
			shellPath = /bin/sh;
			shellScript = "diff \"${PODS_PODFILE_DIR_PATH}/Podfile.lock\" \"${PODS_ROOT}/Manifest.lock\" > /dev/null\nif [ $? != 0 ] ; then\n    # print error to STDERR\n    echo \"error: The sandbox is not in sync with the Podfile.lock. Run 'pod install' or update your CocoaPods installation.\" >&2\n    exit 1\nfi\n# This output is used by Xcode 'outputs' to avoid re-running this script phase.\necho \"SUCCESS\" > \"${SCRIPT_OUTPUT_FILE_0}\"\n";
			showEnvVarsInLog = 0;
		};
/* End PBXShellScriptBuildPhase section */

/* Begin PBXSourcesBuildPhase section */
		8436221626D7C3F7008BF45D /* Sources */ = {
			isa = PBXSourcesBuildPhase;
			buildActionMask = 2147483647;
			files = (
				84BF03EF26D8C4E200F2D268 /* RootViewController.swift in Sources */,
				84BF03EB26D8C45300F2D268 /* AppCoordinater.swift in Sources */,
				8436222226D7C3F7008BF45D /* ViewController.swift in Sources */,
				8436221E26D7C3F7008BF45D /* AppDelegate.swift in Sources */,
				84BF03ED26D8C4A500F2D268 /* Window.swift in Sources */,
			);
			runOnlyForDeploymentPostprocessing = 0;
		};
/* End PBXSourcesBuildPhase section */

/* Begin PBXVariantGroup section */
		8436222326D7C3F7008BF45D /* Main.storyboard */ = {
			isa = PBXVariantGroup;
			children = (
				8436222426D7C3F7008BF45D /* Base */,
			);
			name = Main.storyboard;
			sourceTree = "<group>";
		};
		8436222826D7C3F8008BF45D /* LaunchScreen.storyboard */ = {
			isa = PBXVariantGroup;
			children = (
				8436222926D7C3F8008BF45D /* Base */,
			);
			name = LaunchScreen.storyboard;
			sourceTree = "<group>";
		};
/* End PBXVariantGroup section */

/* Begin XCBuildConfiguration section */
		8436222C26D7C3F8008BF45D /* Debug */ = {
			isa = XCBuildConfiguration;
			buildSettings = {
				ALWAYS_SEARCH_USER_PATHS = NO;
				CLANG_ANALYZER_NONNULL = YES;
				CLANG_ANALYZER_NUMBER_OBJECT_CONVERSION = YES_AGGRESSIVE;
				CLANG_CXX_LANGUAGE_STANDARD = "gnu++14";
				CLANG_CXX_LIBRARY = "libc++";
				CLANG_ENABLE_MODULES = YES;
				CLANG_ENABLE_OBJC_ARC = YES;
				CLANG_ENABLE_OBJC_WEAK = YES;
				CLANG_WARN_BLOCK_CAPTURE_AUTORELEASING = YES;
				CLANG_WARN_BOOL_CONVERSION = YES;
				CLANG_WARN_COMMA = YES;
				CLANG_WARN_CONSTANT_CONVERSION = YES;
				CLANG_WARN_DEPRECATED_OBJC_IMPLEMENTATIONS = YES;
				CLANG_WARN_DIRECT_OBJC_ISA_USAGE = YES_ERROR;
				CLANG_WARN_DOCUMENTATION_COMMENTS = YES;
				CLANG_WARN_EMPTY_BODY = YES;
				CLANG_WARN_ENUM_CONVERSION = YES;
				CLANG_WARN_INFINITE_RECURSION = YES;
				CLANG_WARN_INT_CONVERSION = YES;
				CLANG_WARN_NON_LITERAL_NULL_CONVERSION = YES;
				CLANG_WARN_OBJC_IMPLICIT_RETAIN_SELF = YES;
				CLANG_WARN_OBJC_LITERAL_CONVERSION = YES;
				CLANG_WARN_OBJC_ROOT_CLASS = YES_ERROR;
				CLANG_WARN_QUOTED_INCLUDE_IN_FRAMEWORK_HEADER = YES;
				CLANG_WARN_RANGE_LOOP_ANALYSIS = YES;
				CLANG_WARN_STRICT_PROTOTYPES = YES;
				CLANG_WARN_SUSPICIOUS_MOVE = YES;
				CLANG_WARN_UNGUARDED_AVAILABILITY = YES_AGGRESSIVE;
				CLANG_WARN_UNREACHABLE_CODE = YES;
				CLANG_WARN__DUPLICATE_METHOD_MATCH = YES;
				COPY_PHASE_STRIP = NO;
				DEBUG_INFORMATION_FORMAT = dwarf;
				ENABLE_STRICT_OBJC_MSGSEND = YES;
				ENABLE_TESTABILITY = YES;
				GCC_C_LANGUAGE_STANDARD = gnu11;
				GCC_DYNAMIC_NO_PIC = NO;
				GCC_NO_COMMON_BLOCKS = YES;
				GCC_OPTIMIZATION_LEVEL = 0;
				GCC_PREPROCESSOR_DEFINITIONS = (
					"DEBUG=1",
					"$(inherited)",
				);
				GCC_WARN_64_TO_32_BIT_CONVERSION = YES;
				GCC_WARN_ABOUT_RETURN_TYPE = YES_ERROR;
				GCC_WARN_UNDECLARED_SELECTOR = YES;
				GCC_WARN_UNINITIALIZED_AUTOS = YES_AGGRESSIVE;
				GCC_WARN_UNUSED_FUNCTION = YES;
				GCC_WARN_UNUSED_VARIABLE = YES;
				IPHONEOS_DEPLOYMENT_TARGET = 14.5;
				MTL_ENABLE_DEBUG_INFO = INCLUDE_SOURCE;
				MTL_FAST_MATH = YES;
				ONLY_ACTIVE_ARCH = YES;
				SDKROOT = iphoneos;
				SWIFT_ACTIVE_COMPILATION_CONDITIONS = DEBUG;
				SWIFT_OPTIMIZATION_LEVEL = "-Onone";
			};
			name = Debug;
		};
		8436222D26D7C3F8008BF45D /* Release */ = {
			isa = XCBuildConfiguration;
			buildSettings = {
				ALWAYS_SEARCH_USER_PATHS = NO;
				CLANG_ANALYZER_NONNULL = YES;
				CLANG_ANALYZER_NUMBER_OBJECT_CONVERSION = YES_AGGRESSIVE;
				CLANG_CXX_LANGUAGE_STANDARD = "gnu++14";
				CLANG_CXX_LIBRARY = "libc++";
				CLANG_ENABLE_MODULES = YES;
				CLANG_ENABLE_OBJC_ARC = YES;
				CLANG_ENABLE_OBJC_WEAK = YES;
				CLANG_WARN_BLOCK_CAPTURE_AUTORELEASING = YES;
				CLANG_WARN_BOOL_CONVERSION = YES;
				CLANG_WARN_COMMA = YES;
				CLANG_WARN_CONSTANT_CONVERSION = YES;
				CLANG_WARN_DEPRECATED_OBJC_IMPLEMENTATIONS = YES;
				CLANG_WARN_DIRECT_OBJC_ISA_USAGE = YES_ERROR;
				CLANG_WARN_DOCUMENTATION_COMMENTS = YES;
				CLANG_WARN_EMPTY_BODY = YES;
				CLANG_WARN_ENUM_CONVERSION = YES;
				CLANG_WARN_INFINITE_RECURSION = YES;
				CLANG_WARN_INT_CONVERSION = YES;
				CLANG_WARN_NON_LITERAL_NULL_CONVERSION = YES;
				CLANG_WARN_OBJC_IMPLICIT_RETAIN_SELF = YES;
				CLANG_WARN_OBJC_LITERAL_CONVERSION = YES;
				CLANG_WARN_OBJC_ROOT_CLASS = YES_ERROR;
				CLANG_WARN_QUOTED_INCLUDE_IN_FRAMEWORK_HEADER = YES;
				CLANG_WARN_RANGE_LOOP_ANALYSIS = YES;
				CLANG_WARN_STRICT_PROTOTYPES = YES;
				CLANG_WARN_SUSPICIOUS_MOVE = YES;
				CLANG_WARN_UNGUARDED_AVAILABILITY = YES_AGGRESSIVE;
				CLANG_WARN_UNREACHABLE_CODE = YES;
				CLANG_WARN__DUPLICATE_METHOD_MATCH = YES;
				COPY_PHASE_STRIP = NO;
				DEBUG_INFORMATION_FORMAT = "dwarf-with-dsym";
				ENABLE_NS_ASSERTIONS = NO;
				ENABLE_STRICT_OBJC_MSGSEND = YES;
				GCC_C_LANGUAGE_STANDARD = gnu11;
				GCC_NO_COMMON_BLOCKS = YES;
				GCC_WARN_64_TO_32_BIT_CONVERSION = YES;
				GCC_WARN_ABOUT_RETURN_TYPE = YES_ERROR;
				GCC_WARN_UNDECLARED_SELECTOR = YES;
				GCC_WARN_UNINITIALIZED_AUTOS = YES_AGGRESSIVE;
				GCC_WARN_UNUSED_FUNCTION = YES;
				GCC_WARN_UNUSED_VARIABLE = YES;
				IPHONEOS_DEPLOYMENT_TARGET = 14.5;
				MTL_ENABLE_DEBUG_INFO = NO;
				MTL_FAST_MATH = YES;
				SDKROOT = iphoneos;
				SWIFT_COMPILATION_MODE = wholemodule;
				SWIFT_OPTIMIZATION_LEVEL = "-O";
				VALIDATE_PRODUCT = YES;
			};
			name = Release;
		};
		8436222F26D7C3F8008BF45D /* Debug */ = {
			isa = XCBuildConfiguration;
			baseConfigurationReference = 1805B53B2A7F993655FCD88D /* Pods-AutoLogout-Example.debug.xcconfig */;
			buildSettings = {
				ASSETCATALOG_COMPILER_APPICON_NAME = AppIcon;
				ASSETCATALOG_COMPILER_GLOBAL_ACCENT_COLOR_NAME = AccentColor;
				CODE_SIGN_STYLE = Automatic;
				INFOPLIST_FILE = "AutoLogout-Example/Info.plist";
				LD_RUNPATH_SEARCH_PATHS = (
					"$(inherited)",
					"@executable_path/Frameworks",
				);
				PRODUCT_BUNDLE_IDENTIFIER = "com.Adnan.AutoLogout-Example";
				PRODUCT_NAME = "$(TARGET_NAME)";
				SWIFT_VERSION = 5.0;
				TARGETED_DEVICE_FAMILY = "1,2";
			};
			name = Debug;
		};
		8436223026D7C3F8008BF45D /* Release */ = {
			isa = XCBuildConfiguration;
			baseConfigurationReference = 25B417B1A50485B6D5001AA8 /* Pods-AutoLogout-Example.release.xcconfig */;
			buildSettings = {
				ASSETCATALOG_COMPILER_APPICON_NAME = AppIcon;
				ASSETCATALOG_COMPILER_GLOBAL_ACCENT_COLOR_NAME = AccentColor;
				CODE_SIGN_STYLE = Automatic;
				INFOPLIST_FILE = "AutoLogout-Example/Info.plist";
				LD_RUNPATH_SEARCH_PATHS = (
					"$(inherited)",
					"@executable_path/Frameworks",
				);
				PRODUCT_BUNDLE_IDENTIFIER = "com.Adnan.AutoLogout-Example";
				PRODUCT_NAME = "$(TARGET_NAME)";
				SWIFT_VERSION = 5.0;
				TARGETED_DEVICE_FAMILY = "1,2";
			};
			name = Release;
		};
/* End XCBuildConfiguration section */

/* Begin XCConfigurationList section */
		8436221526D7C3F7008BF45D /* Build configuration list for PBXProject "AutoLogout-Example" */ = {
			isa = XCConfigurationList;
			buildConfigurations = (
				8436222C26D7C3F8008BF45D /* Debug */,
				8436222D26D7C3F8008BF45D /* Release */,
			);
			defaultConfigurationIsVisible = 0;
			defaultConfigurationName = Release;
		};
		8436222E26D7C3F8008BF45D /* Build configuration list for PBXNativeTarget "AutoLogout-Example" */ = {
			isa = XCConfigurationList;
			buildConfigurations = (
				8436222F26D7C3F8008BF45D /* Debug */,
				8436223026D7C3F8008BF45D /* Release */,
			);
			defaultConfigurationIsVisible = 0;
			defaultConfigurationName = Release;
		};
/* End XCConfigurationList section */
	};
	rootObject = 8436221226D7C3F7008BF45D /* Project object */;
}
